
Microsoft Visual Studio Solution File, Format Version 12.00
# Visual Studio Version 17
VisualStudioVersion = 17.0.31903.59
MinimumVisualStudioVersion = 10.0.40219.1
Project("{FAE04EC0-301F-11D3-BF4B-00C04F79EFBC}") = "API", "API\API.csproj", "{223E85DF-4018-4940-969B-4A1347213FE3}"
EndProject
Project("{FAE04EC0-301F-11D3-BF4B-00C04F79EFBC}") = "Core", "Core\Core.csproj", "{1C81F569-905A-4C7C-9146-AC2C39CB848B}"
EndProject
Project("{FAE04EC0-301F-11D3-BF4B-00C04F79EFBC}") = "Infrastructure", "Infrastructure\Infrastructure.csproj", "{878EA169-2FA1-4CFD-990B-562420A01A15}"
EndProject
Global
	GlobalSection(SolutionConfigurationPlatforms) = preSolution
		Debug|Any CPU = Debug|Any CPU
		Release|Any CPU = Release|Any CPU
	EndGlobalSection
	GlobalSection(SolutionProperties) = preSolution
		HideSolutionNode = FALSE
	EndGlobalSection
	GlobalSection(ProjectConfigurationPlatforms) = postSolution
		{223E85DF-4018-4940-969B-4A1347213FE3}.Debug|Any CPU.ActiveCfg = Debug|Any CPU
		{223E85DF-4018-4940-969B-4A1347213FE3}.Debug|Any CPU.Build.0 = Debug|Any CPU
		{223E85DF-4018-4940-969B-4A1347213FE3}.Release|Any CPU.ActiveCfg = Release|Any CPU
		{223E85DF-4018-4940-969B-4A1347213FE3}.Release|Any CPU.Build.0 = Release|Any CPU
		{1C81F569-905A-4C7C-9146-AC2C39CB848B}.Debug|Any CPU.ActiveCfg = Debug|Any CPU
		{1C81F569-905A-4C7C-9146-AC2C39CB848B}.Debug|Any CPU.Build.0 = Debug|Any CPU
		{1C81F569-905A-4C7C-9146-AC2C39CB848B}.Release|Any CPU.ActiveCfg = Release|Any CPU
		{1C81F569-905A-4C7C-9146-AC2C39CB848B}.Release|Any CPU.Build.0 = Release|Any CPU
		{878EA169-2FA1-4CFD-990B-562420A01A15}.Debug|Any CPU.ActiveCfg = Debug|Any CPU
		{878EA169-2FA1-4CFD-990B-562420A01A15}.Debug|Any CPU.Build.0 = Debug|Any CPU
		{878EA169-2FA1-4CFD-990B-562420A01A15}.Release|Any CPU.ActiveCfg = Release|Any CPU
		{878EA169-2FA1-4CFD-990B-562420A01A15}.Release|Any CPU.Build.0 = Release|Any CPU
	EndGlobalSection
EndGlobal
